
Microsoft Visual Studio Solution File, Format Version 12.00
# Visual Studio 15
VisualStudioVersion = 15.0.27130.2027
MinimumVisualStudioVersion = 10.0.40219.1
Project("{FAE04EC0-301F-11D3-BF4B-00C04F79EFBC}") = "XamarinFormsApp.Android", "XamarinFormsApp\XamarinFormsApp.Android\XamarinFormsApp.Android.csproj", "{FB2A9D6D-12D2-45AD-B507-1992959BE2EA}"
EndProject
Project("{FAE04EC0-301F-11D3-BF4B-00C04F79EFBC}") = "XamarinFormsApp.iOS", "XamarinFormsApp\XamarinFormsApp.iOS\XamarinFormsApp.iOS.csproj", "{C85DBA71-1344-4ED0-960C-29EC66927400}"
EndProject
Project("{FAE04EC0-301F-11D3-BF4B-00C04F79EFBC}") = "XamarinFormsApp.UWP", "XamarinFormsApp\XamarinFormsApp.UWP\XamarinFormsApp.UWP.csproj", "{51C66FB2-FFF3-4722-997A-6D2B94B8C370}"
EndProject
Project("{9A19103F-16F7-4668-BE54-9A1E7A4F7556}") = "XamarinFormsApp", "XamarinFormsApp\XamarinFormsApp\XamarinFormsApp.csproj", "{796D491E-2728-4DC8-9FF4-589A2DCEF7B0}"
EndProject
Project("{9A19103F-16F7-4668-BE54-9A1E7A4F7556}") = "Publisher", "Publisher\Publisher.csproj", "{C62514F1-75F4-48B0-94FB-A7DB54E695D4}"
EndProject
Project("{9A19103F-16F7-4668-BE54-9A1E7A4F7556}") = "Subscriber", "Subscriber\Subscriber.csproj", "{D86688F9-3AA8-4A9E-9EB5-7FB7861B7F97}"
EndProject
Project("{FAE04EC0-301F-11D3-BF4B-00C04F79EFBC}") = "SmartReply", "SmartReply\SmartReply.csproj", "{A89D85BB-8A4C-4511-AC3B-C3BB1B0CCAC1}"
EndProject
Global
	GlobalSection(SolutionConfigurationPlatforms) = preSolution
		Ad-Hoc|Any CPU = Ad-Hoc|Any CPU
		Ad-Hoc|ARM = Ad-Hoc|ARM
		Ad-Hoc|iPhone = Ad-Hoc|iPhone
		Ad-Hoc|iPhoneSimulator = Ad-Hoc|iPhoneSimulator
		Ad-Hoc|x64 = Ad-Hoc|x64
		Ad-Hoc|x86 = Ad-Hoc|x86
		AppStore|Any CPU = AppStore|Any CPU
		AppStore|ARM = AppStore|ARM
		AppStore|iPhone = AppStore|iPhone
		AppStore|iPhoneSimulator = AppStore|iPhoneSimulator
		AppStore|x64 = AppStore|x64
		AppStore|x86 = AppStore|x86
		Debug|Any CPU = Debug|Any CPU
		Debug|ARM = Debug|ARM
		Debug|iPhone = Debug|iPhone
		Debug|iPhoneSimulator = Debug|iPhoneSimulator
		Debug|x64 = Debug|x64
		Debug|x86 = Debug|x86
		Release|Any CPU = Release|Any CPU
		Release|ARM = Release|ARM
		Release|iPhone = Release|iPhone
		Release|iPhoneSimulator = Release|iPhoneSimulator
		Release|x64 = Release|x64
		Release|x86 = Release|x86
	EndGlobalSection
	GlobalSection(ProjectConfigurationPlatforms) = postSolution
		{FB2A9D6D-12D2-45AD-B507-1992959BE2EA}.Ad-Hoc|Any CPU.ActiveCfg = Release|Any CPU
		{FB2A9D6D-12D2-45AD-B507-1992959BE2EA}.Ad-Hoc|Any CPU.Build.0 = Release|Any CPU
		{FB2A9D6D-12D2-45AD-B507-1992959BE2EA}.Ad-Hoc|Any CPU.Deploy.0 = Release|Any CPU
		{FB2A9D6D-12D2-45AD-B507-1992959BE2EA}.Ad-Hoc|ARM.ActiveCfg = Release|Any CPU
		{FB2A9D6D-12D2-45AD-B507-1992959BE2EA}.Ad-Hoc|ARM.Build.0 = Release|Any CPU
		{FB2A9D6D-12D2-45AD-B507-1992959BE2EA}.Ad-Hoc|ARM.Deploy.0 = Release|Any CPU
		{FB2A9D6D-12D2-45AD-B507-1992959BE2EA}.Ad-Hoc|iPhone.ActiveCfg = Release|Any CPU
		{FB2A9D6D-12D2-45AD-B507-1992959BE2EA}.Ad-Hoc|iPhone.Build.0 = Release|Any CPU
		{FB2A9D6D-12D2-45AD-B507-1992959BE2EA}.Ad-Hoc|iPhone.Deploy.0 = Release|Any CPU
		{FB2A9D6D-12D2-45AD-B507-1992959BE2EA}.Ad-Hoc|iPhoneSimulator.ActiveCfg = Release|Any CPU
		{FB2A9D6D-12D2-45AD-B507-1992959BE2EA}.Ad-Hoc|iPhoneSimulator.Build.0 = Release|Any CPU
		{FB2A9D6D-12D2-45AD-B507-1992959BE2EA}.Ad-Hoc|iPhoneSimulator.Deploy.0 = Release|Any CPU
		{FB2A9D6D-12D2-45AD-B507-1992959BE2EA}.Ad-Hoc|x64.ActiveCfg = Release|Any CPU
		{FB2A9D6D-12D2-45AD-B507-1992959BE2EA}.Ad-Hoc|x64.Build.0 = Release|Any CPU
		{FB2A9D6D-12D2-45AD-B507-1992959BE2EA}.Ad-Hoc|x64.Deploy.0 = Release|Any CPU
		{FB2A9D6D-12D2-45AD-B507-1992959BE2EA}.Ad-Hoc|x86.ActiveCfg = Release|Any CPU
		{FB2A9D6D-12D2-45AD-B507-1992959BE2EA}.Ad-Hoc|x86.Build.0 = Release|Any CPU
		{FB2A9D6D-12D2-45AD-B507-1992959BE2EA}.Ad-Hoc|x86.Deploy.0 = Release|Any CPU
		{FB2A9D6D-12D2-45AD-B507-1992959BE2EA}.AppStore|Any CPU.ActiveCfg = Release|Any CPU
		{FB2A9D6D-12D2-45AD-B507-1992959BE2EA}.AppStore|Any CPU.Build.0 = Release|Any CPU
		{FB2A9D6D-12D2-45AD-B507-1992959BE2EA}.AppStore|Any CPU.Deploy.0 = Release|Any CPU
		{FB2A9D6D-12D2-45AD-B507-1992959BE2EA}.AppStore|ARM.ActiveCfg = Release|Any CPU
		{FB2A9D6D-12D2-45AD-B507-1992959BE2EA}.AppStore|ARM.Build.0 = Release|Any CPU
		{FB2A9D6D-12D2-45AD-B507-1992959BE2EA}.AppStore|ARM.Deploy.0 = Release|Any CPU
		{FB2A9D6D-12D2-45AD-B507-1992959BE2EA}.AppStore|iPhone.ActiveCfg = Release|Any CPU
		{FB2A9D6D-12D2-45AD-B507-1992959BE2EA}.AppStore|iPhone.Build.0 = Release|Any CPU
		{FB2A9D6D-12D2-45AD-B507-1992959BE2EA}.AppStore|iPhone.Deploy.0 = Release|Any CPU
		{FB2A9D6D-12D2-45AD-B507-1992959BE2EA}.AppStore|iPhoneSimulator.ActiveCfg = Release|Any CPU
		{FB2A9D6D-12D2-45AD-B507-1992959BE2EA}.AppStore|iPhoneSimulator.Build.0 = Release|Any CPU
		{FB2A9D6D-12D2-45AD-B507-1992959BE2EA}.AppStore|iPhoneSimulator.Deploy.0 = Release|Any CPU
		{FB2A9D6D-12D2-45AD-B507-1992959BE2EA}.AppStore|x64.ActiveCfg = Release|Any CPU
		{FB2A9D6D-12D2-45AD-B507-1992959BE2EA}.AppStore|x64.Build.0 = Release|Any CPU
		{FB2A9D6D-12D2-45AD-B507-1992959BE2EA}.AppStore|x64.Deploy.0 = Release|Any CPU
		{FB2A9D6D-12D2-45AD-B507-1992959BE2EA}.AppStore|x86.ActiveCfg = Release|Any CPU
		{FB2A9D6D-12D2-45AD-B507-1992959BE2EA}.AppStore|x86.Build.0 = Release|Any CPU
		{FB2A9D6D-12D2-45AD-B507-1992959BE2EA}.AppStore|x86.Deploy.0 = Release|Any CPU
		{FB2A9D6D-12D2-45AD-B507-1992959BE2EA}.Debug|Any CPU.ActiveCfg = Debug|Any CPU
		{FB2A9D6D-12D2-45AD-B507-1992959BE2EA}.Debug|Any CPU.Build.0 = Debug|Any CPU
		{FB2A9D6D-12D2-45AD-B507-1992959BE2EA}.Debug|Any CPU.Deploy.0 = Debug|Any CPU
		{FB2A9D6D-12D2-45AD-B507-1992959BE2EA}.Debug|ARM.ActiveCfg = Debug|Any CPU
		{FB2A9D6D-12D2-45AD-B507-1992959BE2EA}.Debug|ARM.Build.0 = Debug|Any CPU
		{FB2A9D6D-12D2-45AD-B507-1992959BE2EA}.Debug|ARM.Deploy.0 = Debug|Any CPU
		{FB2A9D6D-12D2-45AD-B507-1992959BE2EA}.Debug|iPhone.ActiveCfg = Debug|Any CPU
		{FB2A9D6D-12D2-45AD-B507-1992959BE2EA}.Debug|iPhone.Build.0 = Debug|Any CPU
		{FB2A9D6D-12D2-45AD-B507-1992959BE2EA}.Debug|iPhone.Deploy.0 = Debug|Any CPU
		{FB2A9D6D-12D2-45AD-B507-1992959BE2EA}.Debug|iPhoneSimulator.ActiveCfg = Debug|Any CPU
		{FB2A9D6D-12D2-45AD-B507-1992959BE2EA}.Debug|iPhoneSimulator.Build.0 = Debug|Any CPU
		{FB2A9D6D-12D2-45AD-B507-1992959BE2EA}.Debug|iPhoneSimulator.Deploy.0 = Debug|Any CPU
		{FB2A9D6D-12D2-45AD-B507-1992959BE2EA}.Debug|x64.ActiveCfg = Debug|Any CPU
		{FB2A9D6D-12D2-45AD-B507-1992959BE2EA}.Debug|x64.Build.0 = Debug|Any CPU
		{FB2A9D6D-12D2-45AD-B507-1992959BE2EA}.Debug|x64.Deploy.0 = Debug|Any CPU
		{FB2A9D6D-12D2-45AD-B507-1992959BE2EA}.Debug|x86.ActiveCfg = Debug|Any CPU
		{FB2A9D6D-12D2-45AD-B507-1992959BE2EA}.Debug|x86.Build.0 = Debug|Any CPU
		{FB2A9D6D-12D2-45AD-B507-1992959BE2EA}.Debug|x86.Deploy.0 = Debug|Any CPU
		{FB2A9D6D-12D2-45AD-B507-1992959BE2EA}.Release|Any CPU.ActiveCfg = Release|Any CPU
		{FB2A9D6D-12D2-45AD-B507-1992959BE2EA}.Release|Any CPU.Build.0 = Release|Any CPU
		{FB2A9D6D-12D2-45AD-B507-1992959BE2EA}.Release|Any CPU.Deploy.0 = Release|Any CPU
		{FB2A9D6D-12D2-45AD-B507-1992959BE2EA}.Release|ARM.ActiveCfg = Release|Any CPU
		{FB2A9D6D-12D2-45AD-B507-1992959BE2EA}.Release|ARM.Build.0 = Release|Any CPU
		{FB2A9D6D-12D2-45AD-B507-1992959BE2EA}.Release|ARM.Deploy.0 = Release|Any CPU
		{FB2A9D6D-12D2-45AD-B507-1992959BE2EA}.Release|iPhone.ActiveCfg = Release|Any CPU
		{FB2A9D6D-12D2-45AD-B507-1992959BE2EA}.Release|iPhone.Build.0 = Release|Any CPU
		{FB2A9D6D-12D2-45AD-B507-1992959BE2EA}.Release|iPhone.Deploy.0 = Release|Any CPU
		{FB2A9D6D-12D2-45AD-B507-1992959BE2EA}.Release|iPhoneSimulator.ActiveCfg = Release|Any CPU
		{FB2A9D6D-12D2-45AD-B507-1992959BE2EA}.Release|iPhoneSimulator.Build.0 = Release|Any CPU
		{FB2A9D6D-12D2-45AD-B507-1992959BE2EA}.Release|iPhoneSimulator.Deploy.0 = Release|Any CPU
		{FB2A9D6D-12D2-45AD-B507-1992959BE2EA}.Release|x64.ActiveCfg = Release|Any CPU
		{FB2A9D6D-12D2-45AD-B507-1992959BE2EA}.Release|x64.Build.0 = Release|Any CPU
		{FB2A9D6D-12D2-45AD-B507-1992959BE2EA}.Release|x64.Deploy.0 = Release|Any CPU
		{FB2A9D6D-12D2-45AD-B507-1992959BE2EA}.Release|x86.ActiveCfg = Release|Any CPU
		{FB2A9D6D-12D2-45AD-B507-1992959BE2EA}.Release|x86.Build.0 = Release|Any CPU
		{FB2A9D6D-12D2-45AD-B507-1992959BE2EA}.Release|x86.Deploy.0 = Release|Any CPU
		{C85DBA71-1344-4ED0-960C-29EC66927400}.Ad-Hoc|Any CPU.ActiveCfg = Ad-Hoc|iPhone
		{C85DBA71-1344-4ED0-960C-29EC66927400}.Ad-Hoc|ARM.ActiveCfg = Ad-Hoc|iPhone
		{C85DBA71-1344-4ED0-960C-29EC66927400}.Ad-Hoc|iPhone.ActiveCfg = Ad-Hoc|iPhone
		{C85DBA71-1344-4ED0-960C-29EC66927400}.Ad-Hoc|iPhone.Build.0 = Ad-Hoc|iPhone
		{C85DBA71-1344-4ED0-960C-29EC66927400}.Ad-Hoc|iPhoneSimulator.ActiveCfg = Ad-Hoc|iPhoneSimulator
		{C85DBA71-1344-4ED0-960C-29EC66927400}.Ad-Hoc|iPhoneSimulator.Build.0 = Ad-Hoc|iPhoneSimulator
		{C85DBA71-1344-4ED0-960C-29EC66927400}.Ad-Hoc|x64.ActiveCfg = Ad-Hoc|iPhone
		{C85DBA71-1344-4ED0-960C-29EC66927400}.Ad-Hoc|x86.ActiveCfg = Ad-Hoc|iPhone
		{C85DBA71-1344-4ED0-960C-29EC66927400}.AppStore|Any CPU.ActiveCfg = AppStore|iPhone
		{C85DBA71-1344-4ED0-960C-29EC66927400}.AppStore|ARM.ActiveCfg = AppStore|iPhone
		{C85DBA71-1344-4ED0-960C-29EC66927400}.AppStore|iPhone.ActiveCfg = AppStore|iPhone
		{C85DBA71-1344-4ED0-960C-29EC66927400}.AppStore|iPhone.Build.0 = AppStore|iPhone
		{C85DBA71-1344-4ED0-960C-29EC66927400}.AppStore|iPhoneSimulator.ActiveCfg = AppStore|iPhoneSimulator
		{C85DBA71-1344-4ED0-960C-29EC66927400}.AppStore|iPhoneSimulator.Build.0 = AppStore|iPhoneSimulator
		{C85DBA71-1344-4ED0-960C-29EC66927400}.AppStore|x64.ActiveCfg = AppStore|iPhone
		{C85DBA71-1344-4ED0-960C-29EC66927400}.AppStore|x86.ActiveCfg = AppStore|iPhone
		{C85DBA71-1344-4ED0-960C-29EC66927400}.Debug|Any CPU.ActiveCfg = Debug|iPhone
		{C85DBA71-1344-4ED0-960C-29EC66927400}.Debug|ARM.ActiveCfg = Debug|iPhone
		{C85DBA71-1344-4ED0-960C-29EC66927400}.Debug|iPhone.ActiveCfg = Debug|iPhone
		{C85DBA71-1344-4ED0-960C-29EC66927400}.Debug|iPhone.Build.0 = Debug|iPhone
		{C85DBA71-1344-4ED0-960C-29EC66927400}.Debug|iPhoneSimulator.ActiveCfg = Debug|iPhoneSimulator
		{C85DBA71-1344-4ED0-960C-29EC66927400}.Debug|iPhoneSimulator.Build.0 = Debug|iPhoneSimulator
		{C85DBA71-1344-4ED0-960C-29EC66927400}.Debug|x64.ActiveCfg = Debug|iPhone
		{C85DBA71-1344-4ED0-960C-29EC66927400}.Debug|x86.ActiveCfg = Debug|iPhone
		{C85DBA71-1344-4ED0-960C-29EC66927400}.Release|Any CPU.ActiveCfg = Release|iPhone
		{C85DBA71-1344-4ED0-960C-29EC66927400}.Release|ARM.ActiveCfg = Release|iPhone
		{C85DBA71-1344-4ED0-960C-29EC66927400}.Release|iPhone.ActiveCfg = Release|iPhone
		{C85DBA71-1344-4ED0-960C-29EC66927400}.Release|iPhone.Build.0 = Release|iPhone
		{C85DBA71-1344-4ED0-960C-29EC66927400}.Release|iPhoneSimulator.ActiveCfg = Release|iPhoneSimulator
		{C85DBA71-1344-4ED0-960C-29EC66927400}.Release|iPhoneSimulator.Build.0 = Release|iPhoneSimulator
		{C85DBA71-1344-4ED0-960C-29EC66927400}.Release|x64.ActiveCfg = Release|iPhone
		{C85DBA71-1344-4ED0-960C-29EC66927400}.Release|x86.ActiveCfg = Release|iPhone
		{51C66FB2-FFF3-4722-997A-6D2B94B8C370}.Ad-Hoc|Any CPU.ActiveCfg = Release|x86
		{51C66FB2-FFF3-4722-997A-6D2B94B8C370}.Ad-Hoc|Any CPU.Build.0 = Release|x86
		{51C66FB2-FFF3-4722-997A-6D2B94B8C370}.Ad-Hoc|Any CPU.Deploy.0 = Release|x86
		{51C66FB2-FFF3-4722-997A-6D2B94B8C370}.Ad-Hoc|ARM.ActiveCfg = Release|ARM
		{51C66FB2-FFF3-4722-997A-6D2B94B8C370}.Ad-Hoc|ARM.Build.0 = Release|ARM
		{51C66FB2-FFF3-4722-997A-6D2B94B8C370}.Ad-Hoc|ARM.Deploy.0 = Release|ARM
		{51C66FB2-FFF3-4722-997A-6D2B94B8C370}.Ad-Hoc|iPhone.ActiveCfg = Release|x86
		{51C66FB2-FFF3-4722-997A-6D2B94B8C370}.Ad-Hoc|iPhone.Build.0 = Release|x86
		{51C66FB2-FFF3-4722-997A-6D2B94B8C370}.Ad-Hoc|iPhone.Deploy.0 = Release|x86
		{51C66FB2-FFF3-4722-997A-6D2B94B8C370}.Ad-Hoc|iPhoneSimulator.ActiveCfg = Release|x86
		{51C66FB2-FFF3-4722-997A-6D2B94B8C370}.Ad-Hoc|iPhoneSimulator.Build.0 = Release|x86
		{51C66FB2-FFF3-4722-997A-6D2B94B8C370}.Ad-Hoc|iPhoneSimulator.Deploy.0 = Release|x86
		{51C66FB2-FFF3-4722-997A-6D2B94B8C370}.Ad-Hoc|x64.ActiveCfg = Release|x64
		{51C66FB2-FFF3-4722-997A-6D2B94B8C370}.Ad-Hoc|x64.Build.0 = Release|x64
		{51C66FB2-FFF3-4722-997A-6D2B94B8C370}.Ad-Hoc|x64.Deploy.0 = Release|x64
		{51C66FB2-FFF3-4722-997A-6D2B94B8C370}.Ad-Hoc|x86.ActiveCfg = Release|x86
		{51C66FB2-FFF3-4722-997A-6D2B94B8C370}.Ad-Hoc|x86.Build.0 = Release|x86
		{51C66FB2-FFF3-4722-997A-6D2B94B8C370}.Ad-Hoc|x86.Deploy.0 = Release|x86
		{51C66FB2-FFF3-4722-997A-6D2B94B8C370}.AppStore|Any CPU.ActiveCfg = Release|x86
		{51C66FB2-FFF3-4722-997A-6D2B94B8C370}.AppStore|Any CPU.Build.0 = Release|x86
		{51C66FB2-FFF3-4722-997A-6D2B94B8C370}.AppStore|Any CPU.Deploy.0 = Release|x86
		{51C66FB2-FFF3-4722-997A-6D2B94B8C370}.AppStore|ARM.ActiveCfg = Release|ARM
		{51C66FB2-FFF3-4722-997A-6D2B94B8C370}.AppStore|ARM.Build.0 = Release|ARM
		{51C66FB2-FFF3-4722-997A-6D2B94B8C370}.AppStore|ARM.Deploy.0 = Release|ARM
		{51C66FB2-FFF3-4722-997A-6D2B94B8C370}.AppStore|iPhone.ActiveCfg = Release|x86
		{51C66FB2-FFF3-4722-997A-6D2B94B8C370}.AppStore|iPhone.Build.0 = Release|x86
		{51C66FB2-FFF3-4722-997A-6D2B94B8C370}.AppStore|iPhone.Deploy.0 = Release|x86
		{51C66FB2-FFF3-4722-997A-6D2B94B8C370}.AppStore|iPhoneSimulator.ActiveCfg = Release|x86
		{51C66FB2-FFF3-4722-997A-6D2B94B8C370}.AppStore|iPhoneSimulator.Build.0 = Release|x86
		{51C66FB2-FFF3-4722-997A-6D2B94B8C370}.AppStore|iPhoneSimulator.Deploy.0 = Release|x86
		{51C66FB2-FFF3-4722-997A-6D2B94B8C370}.AppStore|x64.ActiveCfg = Release|x64
		{51C66FB2-FFF3-4722-997A-6D2B94B8C370}.AppStore|x64.Build.0 = Release|x64
		{51C66FB2-FFF3-4722-997A-6D2B94B8C370}.AppStore|x64.Deploy.0 = Release|x64
		{51C66FB2-FFF3-4722-997A-6D2B94B8C370}.AppStore|x86.ActiveCfg = Release|x86
		{51C66FB2-FFF3-4722-997A-6D2B94B8C370}.AppStore|x86.Build.0 = Release|x86
		{51C66FB2-FFF3-4722-997A-6D2B94B8C370}.AppStore|x86.Deploy.0 = Release|x86
		{51C66FB2-FFF3-4722-997A-6D2B94B8C370}.Debug|Any CPU.ActiveCfg = Debug|x86
		{51C66FB2-FFF3-4722-997A-6D2B94B8C370}.Debug|ARM.ActiveCfg = Debug|ARM
		{51C66FB2-FFF3-4722-997A-6D2B94B8C370}.Debug|ARM.Build.0 = Debug|ARM
		{51C66FB2-FFF3-4722-997A-6D2B94B8C370}.Debug|ARM.Deploy.0 = Debug|ARM
		{51C66FB2-FFF3-4722-997A-6D2B94B8C370}.Debug|iPhone.ActiveCfg = Debug|x86
		{51C66FB2-FFF3-4722-997A-6D2B94B8C370}.Debug|iPhoneSimulator.ActiveCfg = Debug|x86
		{51C66FB2-FFF3-4722-997A-6D2B94B8C370}.Debug|x64.ActiveCfg = Debug|x64
		{51C66FB2-FFF3-4722-997A-6D2B94B8C370}.Debug|x64.Build.0 = Debug|x64
		{51C66FB2-FFF3-4722-997A-6D2B94B8C370}.Debug|x64.Deploy.0 = Debug|x64
		{51C66FB2-FFF3-4722-997A-6D2B94B8C370}.Debug|x86.ActiveCfg = Debug|x86
		{51C66FB2-FFF3-4722-997A-6D2B94B8C370}.Debug|x86.Build.0 = Debug|x86
		{51C66FB2-FFF3-4722-997A-6D2B94B8C370}.Debug|x86.Deploy.0 = Debug|x86
		{51C66FB2-FFF3-4722-997A-6D2B94B8C370}.Release|Any CPU.ActiveCfg = Release|x86
		{51C66FB2-FFF3-4722-997A-6D2B94B8C370}.Release|ARM.ActiveCfg = Release|ARM
		{51C66FB2-FFF3-4722-997A-6D2B94B8C370}.Release|ARM.Build.0 = Release|ARM
		{51C66FB2-FFF3-4722-997A-6D2B94B8C370}.Release|ARM.Deploy.0 = Release|ARM
		{51C66FB2-FFF3-4722-997A-6D2B94B8C370}.Release|iPhone.ActiveCfg = Release|x86
		{51C66FB2-FFF3-4722-997A-6D2B94B8C370}.Release|iPhoneSimulator.ActiveCfg = Release|x86
		{51C66FB2-FFF3-4722-997A-6D2B94B8C370}.Release|x64.ActiveCfg = Release|x64
		{51C66FB2-FFF3-4722-997A-6D2B94B8C370}.Release|x64.Build.0 = Release|x64
		{51C66FB2-FFF3-4722-997A-6D2B94B8C370}.Release|x64.Deploy.0 = Release|x64
		{51C66FB2-FFF3-4722-997A-6D2B94B8C370}.Release|x86.ActiveCfg = Release|x86
		{51C66FB2-FFF3-4722-997A-6D2B94B8C370}.Release|x86.Build.0 = Release|x86
		{51C66FB2-FFF3-4722-997A-6D2B94B8C370}.Release|x86.Deploy.0 = Release|x86
		{796D491E-2728-4DC8-9FF4-589A2DCEF7B0}.Ad-Hoc|Any CPU.ActiveCfg = Debug|Any CPU
		{796D491E-2728-4DC8-9FF4-589A2DCEF7B0}.Ad-Hoc|Any CPU.Build.0 = Debug|Any CPU
		{796D491E-2728-4DC8-9FF4-589A2DCEF7B0}.Ad-Hoc|ARM.ActiveCfg = Debug|Any CPU
		{796D491E-2728-4DC8-9FF4-589A2DCEF7B0}.Ad-Hoc|ARM.Build.0 = Debug|Any CPU
		{796D491E-2728-4DC8-9FF4-589A2DCEF7B0}.Ad-Hoc|iPhone.ActiveCfg = Debug|Any CPU
		{796D491E-2728-4DC8-9FF4-589A2DCEF7B0}.Ad-Hoc|iPhone.Build.0 = Debug|Any CPU
		{796D491E-2728-4DC8-9FF4-589A2DCEF7B0}.Ad-Hoc|iPhoneSimulator.ActiveCfg = Debug|Any CPU
		{796D491E-2728-4DC8-9FF4-589A2DCEF7B0}.Ad-Hoc|iPhoneSimulator.Build.0 = Debug|Any CPU
		{796D491E-2728-4DC8-9FF4-589A2DCEF7B0}.Ad-Hoc|x64.ActiveCfg = Debug|Any CPU
		{796D491E-2728-4DC8-9FF4-589A2DCEF7B0}.Ad-Hoc|x64.Build.0 = Debug|Any CPU
		{796D491E-2728-4DC8-9FF4-589A2DCEF7B0}.Ad-Hoc|x86.ActiveCfg = Debug|Any CPU
		{796D491E-2728-4DC8-9FF4-589A2DCEF7B0}.Ad-Hoc|x86.Build.0 = Debug|Any CPU
		{796D491E-2728-4DC8-9FF4-589A2DCEF7B0}.AppStore|Any CPU.ActiveCfg = Debug|Any CPU
		{796D491E-2728-4DC8-9FF4-589A2DCEF7B0}.AppStore|Any CPU.Build.0 = Debug|Any CPU
		{796D491E-2728-4DC8-9FF4-589A2DCEF7B0}.AppStore|ARM.ActiveCfg = Debug|Any CPU
		{796D491E-2728-4DC8-9FF4-589A2DCEF7B0}.AppStore|ARM.Build.0 = Debug|Any CPU
		{796D491E-2728-4DC8-9FF4-589A2DCEF7B0}.AppStore|iPhone.ActiveCfg = Debug|Any CPU
		{796D491E-2728-4DC8-9FF4-589A2DCEF7B0}.AppStore|iPhone.Build.0 = Debug|Any CPU
		{796D491E-2728-4DC8-9FF4-589A2DCEF7B0}.AppStore|iPhoneSimulator.ActiveCfg = Debug|Any CPU
		{796D491E-2728-4DC8-9FF4-589A2DCEF7B0}.AppStore|iPhoneSimulator.Build.0 = Debug|Any CPU
		{796D491E-2728-4DC8-9FF4-589A2DCEF7B0}.AppStore|x64.ActiveCfg = Debug|Any CPU
		{796D491E-2728-4DC8-9FF4-589A2DCEF7B0}.AppStore|x64.Build.0 = Debug|Any CPU
		{796D491E-2728-4DC8-9FF4-589A2DCEF7B0}.AppStore|x86.ActiveCfg = Debug|Any CPU
		{796D491E-2728-4DC8-9FF4-589A2DCEF7B0}.AppStore|x86.Build.0 = Debug|Any CPU
		{796D491E-2728-4DC8-9FF4-589A2DCEF7B0}.Debug|Any CPU.ActiveCfg = Debug|Any CPU
		{796D491E-2728-4DC8-9FF4-589A2DCEF7B0}.Debug|Any CPU.Build.0 = Debug|Any CPU
		{796D491E-2728-4DC8-9FF4-589A2DCEF7B0}.Debug|ARM.ActiveCfg = Debug|Any CPU
		{796D491E-2728-4DC8-9FF4-589A2DCEF7B0}.Debug|ARM.Build.0 = Debug|Any CPU
		{796D491E-2728-4DC8-9FF4-589A2DCEF7B0}.Debug|iPhone.ActiveCfg = Debug|Any CPU
		{796D491E-2728-4DC8-9FF4-589A2DCEF7B0}.Debug|iPhone.Build.0 = Debug|Any CPU
		{796D491E-2728-4DC8-9FF4-589A2DCEF7B0}.Debug|iPhoneSimulator.ActiveCfg = Debug|Any CPU
		{796D491E-2728-4DC8-9FF4-589A2DCEF7B0}.Debug|iPhoneSimulator.Build.0 = Debug|Any CPU
		{796D491E-2728-4DC8-9FF4-589A2DCEF7B0}.Debug|x64.ActiveCfg = Debug|Any CPU
		{796D491E-2728-4DC8-9FF4-589A2DCEF7B0}.Debug|x64.Build.0 = Debug|Any CPU
		{796D491E-2728-4DC8-9FF4-589A2DCEF7B0}.Debug|x86.ActiveCfg = Debug|Any CPU
		{796D491E-2728-4DC8-9FF4-589A2DCEF7B0}.Debug|x86.Build.0 = Debug|Any CPU
		{796D491E-2728-4DC8-9FF4-589A2DCEF7B0}.Release|Any CPU.ActiveCfg = Release|Any CPU
		{796D491E-2728-4DC8-9FF4-589A2DCEF7B0}.Release|Any CPU.Build.0 = Release|Any CPU
		{796D491E-2728-4DC8-9FF4-589A2DCEF7B0}.Release|ARM.ActiveCfg = Release|Any CPU
		{796D491E-2728-4DC8-9FF4-589A2DCEF7B0}.Release|ARM.Build.0 = Release|Any CPU
		{796D491E-2728-4DC8-9FF4-589A2DCEF7B0}.Release|iPhone.ActiveCfg = Release|Any CPU
		{796D491E-2728-4DC8-9FF4-589A2DCEF7B0}.Release|iPhone.Build.0 = Release|Any CPU
		{796D491E-2728-4DC8-9FF4-589A2DCEF7B0}.Release|iPhoneSimulator.ActiveCfg = Release|Any CPU
		{796D491E-2728-4DC8-9FF4-589A2DCEF7B0}.Release|iPhoneSimulator.Build.0 = Release|Any CPU
		{796D491E-2728-4DC8-9FF4-589A2DCEF7B0}.Release|x64.ActiveCfg = Release|Any CPU
		{796D491E-2728-4DC8-9FF4-589A2DCEF7B0}.Release|x64.Build.0 = Release|Any CPU
		{796D491E-2728-4DC8-9FF4-589A2DCEF7B0}.Release|x86.ActiveCfg = Release|Any CPU
		{796D491E-2728-4DC8-9FF4-589A2DCEF7B0}.Release|x86.Build.0 = Release|Any CPU
		{C62514F1-75F4-48B0-94FB-A7DB54E695D4}.Ad-Hoc|Any CPU.ActiveCfg = Debug|Any CPU
		{C62514F1-75F4-48B0-94FB-A7DB54E695D4}.Ad-Hoc|Any CPU.Build.0 = Debug|Any CPU
		{C62514F1-75F4-48B0-94FB-A7DB54E695D4}.Ad-Hoc|ARM.ActiveCfg = Debug|Any CPU
		{C62514F1-75F4-48B0-94FB-A7DB54E695D4}.Ad-Hoc|ARM.Build.0 = Debug|Any CPU
		{C62514F1-75F4-48B0-94FB-A7DB54E695D4}.Ad-Hoc|iPhone.ActiveCfg = Debug|Any CPU
		{C62514F1-75F4-48B0-94FB-A7DB54E695D4}.Ad-Hoc|iPhone.Build.0 = Debug|Any CPU
		{C62514F1-75F4-48B0-94FB-A7DB54E695D4}.Ad-Hoc|iPhoneSimulator.ActiveCfg = Debug|Any CPU
		{C62514F1-75F4-48B0-94FB-A7DB54E695D4}.Ad-Hoc|iPhoneSimulator.Build.0 = Debug|Any CPU
		{C62514F1-75F4-48B0-94FB-A7DB54E695D4}.Ad-Hoc|x64.ActiveCfg = Debug|Any CPU
		{C62514F1-75F4-48B0-94FB-A7DB54E695D4}.Ad-Hoc|x64.Build.0 = Debug|Any CPU
		{C62514F1-75F4-48B0-94FB-A7DB54E695D4}.Ad-Hoc|x86.ActiveCfg = Debug|Any CPU
		{C62514F1-75F4-48B0-94FB-A7DB54E695D4}.Ad-Hoc|x86.Build.0 = Debug|Any CPU
		{C62514F1-75F4-48B0-94FB-A7DB54E695D4}.AppStore|Any CPU.ActiveCfg = Debug|Any CPU
		{C62514F1-75F4-48B0-94FB-A7DB54E695D4}.AppStore|Any CPU.Build.0 = Debug|Any CPU
		{C62514F1-75F4-48B0-94FB-A7DB54E695D4}.AppStore|ARM.ActiveCfg = Debug|Any CPU
		{C62514F1-75F4-48B0-94FB-A7DB54E695D4}.AppStore|ARM.Build.0 = Debug|Any CPU
		{C62514F1-75F4-48B0-94FB-A7DB54E695D4}.AppStore|iPhone.ActiveCfg = Debug|Any CPU
		{C62514F1-75F4-48B0-94FB-A7DB54E695D4}.AppStore|iPhone.Build.0 = Debug|Any CPU
		{C62514F1-75F4-48B0-94FB-A7DB54E695D4}.AppStore|iPhoneSimulator.ActiveCfg = Debug|Any CPU
		{C62514F1-75F4-48B0-94FB-A7DB54E695D4}.AppStore|iPhoneSimulator.Build.0 = Debug|Any CPU
		{C62514F1-75F4-48B0-94FB-A7DB54E695D4}.AppStore|x64.ActiveCfg = Debug|Any CPU
		{C62514F1-75F4-48B0-94FB-A7DB54E695D4}.AppStore|x64.Build.0 = Debug|Any CPU
		{C62514F1-75F4-48B0-94FB-A7DB54E695D4}.AppStore|x86.ActiveCfg = Debug|Any CPU
		{C62514F1-75F4-48B0-94FB-A7DB54E695D4}.AppStore|x86.Build.0 = Debug|Any CPU
		{C62514F1-75F4-48B0-94FB-A7DB54E695D4}.Debug|Any CPU.ActiveCfg = Debug|Any CPU
		{C62514F1-75F4-48B0-94FB-A7DB54E695D4}.Debug|Any CPU.Build.0 = Debug|Any CPU
		{C62514F1-75F4-48B0-94FB-A7DB54E695D4}.Debug|ARM.ActiveCfg = Debug|Any CPU
		{C62514F1-75F4-48B0-94FB-A7DB54E695D4}.Debug|ARM.Build.0 = Debug|Any CPU
		{C62514F1-75F4-48B0-94FB-A7DB54E695D4}.Debug|iPhone.ActiveCfg = Debug|Any CPU
		{C62514F1-75F4-48B0-94FB-A7DB54E695D4}.Debug|iPhone.Build.0 = Debug|Any CPU
		{C62514F1-75F4-48B0-94FB-A7DB54E695D4}.Debug|iPhoneSimulator.ActiveCfg = Debug|Any CPU
		{C62514F1-75F4-48B0-94FB-A7DB54E695D4}.Debug|iPhoneSimulator.Build.0 = Debug|Any CPU
		{C62514F1-75F4-48B0-94FB-A7DB54E695D4}.Debug|x64.ActiveCfg = Debug|Any CPU
		{C62514F1-75F4-48B0-94FB-A7DB54E695D4}.Debug|x64.Build.0 = Debug|Any CPU
		{C62514F1-75F4-48B0-94FB-A7DB54E695D4}.Debug|x86.ActiveCfg = Debug|Any CPU
		{C62514F1-75F4-48B0-94FB-A7DB54E695D4}.Debug|x86.Build.0 = Debug|Any CPU
		{C62514F1-75F4-48B0-94FB-A7DB54E695D4}.Release|Any CPU.ActiveCfg = Release|Any CPU
		{C62514F1-75F4-48B0-94FB-A7DB54E695D4}.Release|Any CPU.Build.0 = Release|Any CPU
		{C62514F1-75F4-48B0-94FB-A7DB54E695D4}.Release|ARM.ActiveCfg = Release|Any CPU
		{C62514F1-75F4-48B0-94FB-A7DB54E695D4}.Release|ARM.Build.0 = Release|Any CPU
		{C62514F1-75F4-48B0-94FB-A7DB54E695D4}.Release|iPhone.ActiveCfg = Release|Any CPU
		{C62514F1-75F4-48B0-94FB-A7DB54E695D4}.Release|iPhone.Build.0 = Release|Any CPU
		{C62514F1-75F4-48B0-94FB-A7DB54E695D4}.Release|iPhoneSimulator.ActiveCfg = Release|Any CPU
		{C62514F1-75F4-48B0-94FB-A7DB54E695D4}.Release|iPhoneSimulator.Build.0 = Release|Any CPU
		{C62514F1-75F4-48B0-94FB-A7DB54E695D4}.Release|x64.ActiveCfg = Release|Any CPU
		{C62514F1-75F4-48B0-94FB-A7DB54E695D4}.Release|x64.Build.0 = Release|Any CPU
		{C62514F1-75F4-48B0-94FB-A7DB54E695D4}.Release|x86.ActiveCfg = Release|Any CPU
		{C62514F1-75F4-48B0-94FB-A7DB54E695D4}.Release|x86.Build.0 = Release|Any CPU
		{D86688F9-3AA8-4A9E-9EB5-7FB7861B7F97}.Ad-Hoc|Any CPU.ActiveCfg = Debug|Any CPU
		{D86688F9-3AA8-4A9E-9EB5-7FB7861B7F97}.Ad-Hoc|Any CPU.Build.0 = Debug|Any CPU
		{D86688F9-3AA8-4A9E-9EB5-7FB7861B7F97}.Ad-Hoc|ARM.ActiveCfg = Debug|Any CPU
		{D86688F9-3AA8-4A9E-9EB5-7FB7861B7F97}.Ad-Hoc|ARM.Build.0 = Debug|Any CPU
		{D86688F9-3AA8-4A9E-9EB5-7FB7861B7F97}.Ad-Hoc|iPhone.ActiveCfg = Debug|Any CPU
		{D86688F9-3AA8-4A9E-9EB5-7FB7861B7F97}.Ad-Hoc|iPhone.Build.0 = Debug|Any CPU
		{D86688F9-3AA8-4A9E-9EB5-7FB7861B7F97}.Ad-Hoc|iPhoneSimulator.ActiveCfg = Debug|Any CPU
		{D86688F9-3AA8-4A9E-9EB5-7FB7861B7F97}.Ad-Hoc|iPhoneSimulator.Build.0 = Debug|Any CPU
		{D86688F9-3AA8-4A9E-9EB5-7FB7861B7F97}.Ad-Hoc|x64.ActiveCfg = Debug|Any CPU
		{D86688F9-3AA8-4A9E-9EB5-7FB7861B7F97}.Ad-Hoc|x64.Build.0 = Debug|Any CPU
		{D86688F9-3AA8-4A9E-9EB5-7FB7861B7F97}.Ad-Hoc|x86.ActiveCfg = Debug|Any CPU
		{D86688F9-3AA8-4A9E-9EB5-7FB7861B7F97}.Ad-Hoc|x86.Build.0 = Debug|Any CPU
		{D86688F9-3AA8-4A9E-9EB5-7FB7861B7F97}.AppStore|Any CPU.ActiveCfg = Debug|Any CPU
		{D86688F9-3AA8-4A9E-9EB5-7FB7861B7F97}.AppStore|Any CPU.Build.0 = Debug|Any CPU
		{D86688F9-3AA8-4A9E-9EB5-7FB7861B7F97}.AppStore|ARM.ActiveCfg = Debug|Any CPU
		{D86688F9-3AA8-4A9E-9EB5-7FB7861B7F97}.AppStore|ARM.Build.0 = Debug|Any CPU
		{D86688F9-3AA8-4A9E-9EB5-7FB7861B7F97}.AppStore|iPhone.ActiveCfg = Debug|Any CPU
		{D86688F9-3AA8-4A9E-9EB5-7FB7861B7F97}.AppStore|iPhone.Build.0 = Debug|Any CPU
		{D86688F9-3AA8-4A9E-9EB5-7FB7861B7F97}.AppStore|iPhoneSimulator.ActiveCfg = Debug|Any CPU
		{D86688F9-3AA8-4A9E-9EB5-7FB7861B7F97}.AppStore|iPhoneSimulator.Build.0 = Debug|Any CPU
		{D86688F9-3AA8-4A9E-9EB5-7FB7861B7F97}.AppStore|x64.ActiveCfg = Debug|Any CPU
		{D86688F9-3AA8-4A9E-9EB5-7FB7861B7F97}.AppStore|x64.Build.0 = Debug|Any CPU
		{D86688F9-3AA8-4A9E-9EB5-7FB7861B7F97}.AppStore|x86.ActiveCfg = Debug|Any CPU
		{D86688F9-3AA8-4A9E-9EB5-7FB7861B7F97}.AppStore|x86.Build.0 = Debug|Any CPU
		{D86688F9-3AA8-4A9E-9EB5-7FB7861B7F97}.Debug|Any CPU.ActiveCfg = Debug|Any CPU
		{D86688F9-3AA8-4A9E-9EB5-7FB7861B7F97}.Debug|Any CPU.Build.0 = Debug|Any CPU
		{D86688F9-3AA8-4A9E-9EB5-7FB7861B7F97}.Debug|ARM.ActiveCfg = Debug|Any CPU
		{D86688F9-3AA8-4A9E-9EB5-7FB7861B7F97}.Debug|ARM.Build.0 = Debug|Any CPU
		{D86688F9-3AA8-4A9E-9EB5-7FB7861B7F97}.Debug|iPhone.ActiveCfg = Debug|Any CPU
		{D86688F9-3AA8-4A9E-9EB5-7FB7861B7F97}.Debug|iPhone.Build.0 = Debug|Any CPU
		{D86688F9-3AA8-4A9E-9EB5-7FB7861B7F97}.Debug|iPhoneSimulator.ActiveCfg = Debug|Any CPU
		{D86688F9-3AA8-4A9E-9EB5-7FB7861B7F97}.Debug|iPhoneSimulator.Build.0 = Debug|Any CPU
		{D86688F9-3AA8-4A9E-9EB5-7FB7861B7F97}.Debug|x64.ActiveCfg = Debug|Any CPU
		{D86688F9-3AA8-4A9E-9EB5-7FB7861B7F97}.Debug|x64.Build.0 = Debug|Any CPU
		{D86688F9-3AA8-4A9E-9EB5-7FB7861B7F97}.Debug|x86.ActiveCfg = Debug|Any CPU
		{D86688F9-3AA8-4A9E-9EB5-7FB7861B7F97}.Debug|x86.Build.0 = Debug|Any CPU
		{D86688F9-3AA8-4A9E-9EB5-7FB7861B7F97}.Release|Any CPU.ActiveCfg = Release|Any CPU
		{D86688F9-3AA8-4A9E-9EB5-7FB7861B7F97}.Release|Any CPU.Build.0 = Release|Any CPU
		{D86688F9-3AA8-4A9E-9EB5-7FB7861B7F97}.Release|ARM.ActiveCfg = Release|Any CPU
		{D86688F9-3AA8-4A9E-9EB5-7FB7861B7F97}.Release|ARM.Build.0 = Release|Any CPU
		{D86688F9-3AA8-4A9E-9EB5-7FB7861B7F97}.Release|iPhone.ActiveCfg = Release|Any CPU
		{D86688F9-3AA8-4A9E-9EB5-7FB7861B7F97}.Release|iPhone.Build.0 = Release|Any CPU
		{D86688F9-3AA8-4A9E-9EB5-7FB7861B7F97}.Release|iPhoneSimulator.ActiveCfg = Release|Any CPU
		{D86688F9-3AA8-4A9E-9EB5-7FB7861B7F97}.Release|iPhoneSimulator.Build.0 = Release|Any CPU
		{D86688F9-3AA8-4A9E-9EB5-7FB7861B7F97}.Release|x64.ActiveCfg = Release|Any CPU
		{D86688F9-3AA8-4A9E-9EB5-7FB7861B7F97}.Release|x64.Build.0 = Release|Any CPU
		{D86688F9-3AA8-4A9E-9EB5-7FB7861B7F97}.Release|x86.ActiveCfg = Release|Any CPU
		{D86688F9-3AA8-4A9E-9EB5-7FB7861B7F97}.Release|x86.Build.0 = Release|Any CPU
		{A89D85BB-8A4C-4511-AC3B-C3BB1B0CCAC1}.Ad-Hoc|Any CPU.ActiveCfg = Debug|Any CPU
		{A89D85BB-8A4C-4511-AC3B-C3BB1B0CCAC1}.Ad-Hoc|Any CPU.Build.0 = Debug|Any CPU
		{A89D85BB-8A4C-4511-AC3B-C3BB1B0CCAC1}.Ad-Hoc|ARM.ActiveCfg = Debug|Any CPU
		{A89D85BB-8A4C-4511-AC3B-C3BB1B0CCAC1}.Ad-Hoc|ARM.Build.0 = Debug|Any CPU
		{A89D85BB-8A4C-4511-AC3B-C3BB1B0CCAC1}.Ad-Hoc|iPhone.ActiveCfg = Debug|Any CPU
		{A89D85BB-8A4C-4511-AC3B-C3BB1B0CCAC1}.Ad-Hoc|iPhone.Build.0 = Debug|Any CPU
		{A89D85BB-8A4C-4511-AC3B-C3BB1B0CCAC1}.Ad-Hoc|iPhoneSimulator.ActiveCfg = Debug|Any CPU
		{A89D85BB-8A4C-4511-AC3B-C3BB1B0CCAC1}.Ad-Hoc|iPhoneSimulator.Build.0 = Debug|Any CPU
		{A89D85BB-8A4C-4511-AC3B-C3BB1B0CCAC1}.Ad-Hoc|x64.ActiveCfg = Debug|Any CPU
		{A89D85BB-8A4C-4511-AC3B-C3BB1B0CCAC1}.Ad-Hoc|x64.Build.0 = Debug|Any CPU
		{A89D85BB-8A4C-4511-AC3B-C3BB1B0CCAC1}.Ad-Hoc|x86.ActiveCfg = Debug|Any CPU
		{A89D85BB-8A4C-4511-AC3B-C3BB1B0CCAC1}.Ad-Hoc|x86.Build.0 = Debug|Any CPU
		{A89D85BB-8A4C-4511-AC3B-C3BB1B0CCAC1}.AppStore|Any CPU.ActiveCfg = Debug|Any CPU
		{A89D85BB-8A4C-4511-AC3B-C3BB1B0CCAC1}.AppStore|Any CPU.Build.0 = Debug|Any CPU
		{A89D85BB-8A4C-4511-AC3B-C3BB1B0CCAC1}.AppStore|ARM.ActiveCfg = Debug|Any CPU
		{A89D85BB-8A4C-4511-AC3B-C3BB1B0CCAC1}.AppStore|ARM.Build.0 = Debug|Any CPU
		{A89D85BB-8A4C-4511-AC3B-C3BB1B0CCAC1}.AppStore|iPhone.ActiveCfg = Debug|Any CPU
		{A89D85BB-8A4C-4511-AC3B-C3BB1B0CCAC1}.AppStore|iPhone.Build.0 = Debug|Any CPU
		{A89D85BB-8A4C-4511-AC3B-C3BB1B0CCAC1}.AppStore|iPhoneSimulator.ActiveCfg = Debug|Any CPU
		{A89D85BB-8A4C-4511-AC3B-C3BB1B0CCAC1}.AppStore|iPhoneSimulator.Build.0 = Debug|Any CPU
		{A89D85BB-8A4C-4511-AC3B-C3BB1B0CCAC1}.AppStore|x64.ActiveCfg = Debug|Any CPU
		{A89D85BB-8A4C-4511-AC3B-C3BB1B0CCAC1}.AppStore|x64.Build.0 = Debug|Any CPU
		{A89D85BB-8A4C-4511-AC3B-C3BB1B0CCAC1}.AppStore|x86.ActiveCfg = Debug|Any CPU
		{A89D85BB-8A4C-4511-AC3B-C3BB1B0CCAC1}.AppStore|x86.Build.0 = Debug|Any CPU
		{A89D85BB-8A4C-4511-AC3B-C3BB1B0CCAC1}.Debug|Any CPU.ActiveCfg = Debug|Any CPU
		{A89D85BB-8A4C-4511-AC3B-C3BB1B0CCAC1}.Debug|Any CPU.Build.0 = Debug|Any CPU
		{A89D85BB-8A4C-4511-AC3B-C3BB1B0CCAC1}.Debug|ARM.ActiveCfg = Debug|Any CPU
		{A89D85BB-8A4C-4511-AC3B-C3BB1B0CCAC1}.Debug|ARM.Build.0 = Debug|Any CPU
		{A89D85BB-8A4C-4511-AC3B-C3BB1B0CCAC1}.Debug|iPhone.ActiveCfg = Debug|Any CPU
		{A89D85BB-8A4C-4511-AC3B-C3BB1B0CCAC1}.Debug|iPhone.Build.0 = Debug|Any CPU
		{A89D85BB-8A4C-4511-AC3B-C3BB1B0CCAC1}.Debug|iPhoneSimulator.ActiveCfg = Debug|Any CPU
		{A89D85BB-8A4C-4511-AC3B-C3BB1B0CCAC1}.Debug|iPhoneSimulator.Build.0 = Debug|Any CPU
		{A89D85BB-8A4C-4511-AC3B-C3BB1B0CCAC1}.Debug|x64.ActiveCfg = Debug|Any CPU
		{A89D85BB-8A4C-4511-AC3B-C3BB1B0CCAC1}.Debug|x64.Build.0 = Debug|Any CPU
		{A89D85BB-8A4C-4511-AC3B-C3BB1B0CCAC1}.Debug|x86.ActiveCfg = Debug|Any CPU
		{A89D85BB-8A4C-4511-AC3B-C3BB1B0CCAC1}.Debug|x86.Build.0 = Debug|Any CPU
		{A89D85BB-8A4C-4511-AC3B-C3BB1B0CCAC1}.Release|Any CPU.ActiveCfg = Release|Any CPU
		{A89D85BB-8A4C-4511-AC3B-C3BB1B0CCAC1}.Release|Any CPU.Build.0 = Release|Any CPU
		{A89D85BB-8A4C-4511-AC3B-C3BB1B0CCAC1}.Release|ARM.ActiveCfg = Release|Any CPU
		{A89D85BB-8A4C-4511-AC3B-C3BB1B0CCAC1}.Release|ARM.Build.0 = Release|Any CPU
		{A89D85BB-8A4C-4511-AC3B-C3BB1B0CCAC1}.Release|iPhone.ActiveCfg = Release|Any CPU
		{A89D85BB-8A4C-4511-AC3B-C3BB1B0CCAC1}.Release|iPhone.Build.0 = Release|Any CPU
		{A89D85BB-8A4C-4511-AC3B-C3BB1B0CCAC1}.Release|iPhoneSimulator.ActiveCfg = Release|Any CPU
		{A89D85BB-8A4C-4511-AC3B-C3BB1B0CCAC1}.Release|iPhoneSimulator.Build.0 = Release|Any CPU
		{A89D85BB-8A4C-4511-AC3B-C3BB1B0CCAC1}.Release|x64.ActiveCfg = Release|Any CPU
		{A89D85BB-8A4C-4511-AC3B-C3BB1B0CCAC1}.Release|x64.Build.0 = Release|Any CPU
		{A89D85BB-8A4C-4511-AC3B-C3BB1B0CCAC1}.Release|x86.ActiveCfg = Release|Any CPU
		{A89D85BB-8A4C-4511-AC3B-C3BB1B0CCAC1}.Release|x86.Build.0 = Release|Any CPU
	EndGlobalSection
	GlobalSection(SolutionProperties) = preSolution
		HideSolutionNode = FALSE
	EndGlobalSection
	GlobalSection(ExtensibilityGlobals) = postSolution
		SolutionGuid = {627028F9-26B8-4469-B804-2E7DE822CF12}
	EndGlobalSection
EndGlobal
